// !$*UTF8*$!
{
	archiveVersion = 1;
	classes = {
	};
	objectVersion = 56;
	objects = {

/* Begin PBXBuildFile section */
		08CA25D52ABF597C006C2443 /* AppDelegate.swift in Sources */ = {isa = PBXBuildFile; fileRef = 08CA25D42ABF597C006C2443 /* AppDelegate.swift */; };
		08CA25D72ABF597C006C2443 /* SceneDelegate.swift in Sources */ = {isa = PBXBuildFile; fileRef = 08CA25D62ABF597C006C2443 /* SceneDelegate.swift */; };
		08CA25D92ABF597C006C2443 /* MainViewController.swift in Sources */ = {isa = PBXBuildFile; fileRef = 08CA25D82ABF597C006C2443 /* MainViewController.swift */; };
		08CA25DE2ABF597E006C2443 /* Assets.xcassets in Resources */ = {isa = PBXBuildFile; fileRef = 08CA25DD2ABF597E006C2443 /* Assets.xcassets */; };
		08CA26092ABF5A06006C2443 /* LaunchScreen.swift in Sources */ = {isa = PBXBuildFile; fileRef = 08CA26082ABF5A06006C2443 /* LaunchScreen.swift */; };
		08CA260B2ABF5A1B006C2443 /* Button.swift in Sources */ = {isa = PBXBuildFile; fileRef = 08CA260A2ABF5A1B006C2443 /* Button.swift */; };
		08CA260D2ABF5A26006C2443 /* Label.swift in Sources */ = {isa = PBXBuildFile; fileRef = 08CA260C2ABF5A26006C2443 /* Label.swift */; };
		08CA260F2ABF5A3A006C2443 /* ViewTransition.swift in Sources */ = {isa = PBXBuildFile; fileRef = 08CA260E2ABF5A3A006C2443 /* ViewTransition.swift */; };
		08CA26112ABF5A54006C2443 /* LoginViewController.swift in Sources */ = {isa = PBXBuildFile; fileRef = 08CA26102ABF5A54006C2443 /* LoginViewController.swift */; };
		08CA26142ABF5A7A006C2443 /* SnapKit in Frameworks */ = {isa = PBXBuildFile; productRef = 08CA26132ABF5A7A006C2443 /* SnapKit */; };
		08CA26162ABF5A7A006C2443 /* SnapKit-Dynamic in Frameworks */ = {isa = PBXBuildFile; productRef = 08CA26152ABF5A7A006C2443 /* SnapKit-Dynamic */; };
		08CA26192ABF5A91006C2443 /* RiveRuntime in Frameworks */ = {isa = PBXBuildFile; productRef = 08CA26182ABF5A91006C2443 /* RiveRuntime */; };
		08CA261C2ABF5AC2006C2443 /* OnBoardingViewController.swift in Sources */ = {isa = PBXBuildFile; fileRef = 08CA261B2ABF5AC2006C2443 /* OnBoardingViewController.swift */; };
		08CA261E2ABF5AD5006C2443 /* MyPageViewController.swift in Sources */ = {isa = PBXBuildFile; fileRef = 08CA261D2ABF5AD5006C2443 /* MyPageViewController.swift */; };
		08CA26202ABF5AF3006C2443 /* ReadMessageViewController.swift in Sources */ = {isa = PBXBuildFile; fileRef = 08CA261F2ABF5AF3006C2443 /* ReadMessageViewController.swift */; };
		08CA26222ABF5B02006C2443 /* WriteMessageViewController.swift in Sources */ = {isa = PBXBuildFile; fileRef = 08CA26212ABF5B02006C2443 /* WriteMessageViewController.swift */; };
		08CA26242ABF5B23006C2443 /* Sound.swift in Sources */ = {isa = PBXBuildFile; fileRef = 08CA26232ABF5B23006C2443 /* Sound.swift */; };
		08CA26262ABF5B2C006C2443 /* Video.swift in Sources */ = {isa = PBXBuildFile; fileRef = 08CA26252ABF5B2C006C2443 /* Video.swift */; };
		08CA26282ABF5B3B006C2443 /* Font.swift in Sources */ = {isa = PBXBuildFile; fileRef = 08CA26272ABF5B3B006C2443 /* Font.swift */; };
		08CA262A2ABF5B45006C2443 /* Alert.swift in Sources */ = {isa = PBXBuildFile; fileRef = 08CA26292ABF5B45006C2443 /* Alert.swift */; };
		08CA262C2ABF5B59006C2443 /* APIManager.swift in Sources */ = {isa = PBXBuildFile; fileRef = 08CA262B2ABF5B59006C2443 /* APIManager.swift */; };
		08CA262F2ABF5C1B006C2443 /* login.riv in Resources */ = {isa = PBXBuildFile; fileRef = 08CA262E2ABF5C1B006C2443 /* login.riv */; };
		08CA26312ABF5C48006C2443 /* mainVideo.mp4 in Resources */ = {isa = PBXBuildFile; fileRef = 08CA26302ABF5C48006C2443 /* mainVideo.mp4 */; };
		08CA26332ABF5DAA006C2443 /* mainMusic.mp3 in Resources */ = {isa = PBXBuildFile; fileRef = 08CA26322ABF5DAA006C2443 /* mainMusic.mp3 */; };
		08CA26352ABF5DB5006C2443 /* loginMusic.mp3 in Resources */ = {isa = PBXBuildFile; fileRef = 08CA26342ABF5DB5006C2443 /* loginMusic.mp3 */; };
/* End PBXBuildFile section */

/* Begin PBXFileReference section */
		08CA25D12ABF597C006C2443 /* MuYaHo.app */ = {isa = PBXFileReference; explicitFileType = wrapper.application; includeInIndex = 0; path = MuYaHo.app; sourceTree = BUILT_PRODUCTS_DIR; };
		08CA25D42ABF597C006C2443 /* AppDelegate.swift */ = {isa = PBXFileReference; lastKnownFileType = sourcecode.swift; path = AppDelegate.swift; sourceTree = "<group>"; };
		08CA25D62ABF597C006C2443 /* SceneDelegate.swift */ = {isa = PBXFileReference; lastKnownFileType = sourcecode.swift; path = SceneDelegate.swift; sourceTree = "<group>"; };
		08CA25D82ABF597C006C2443 /* MainViewController.swift */ = {isa = PBXFileReference; lastKnownFileType = sourcecode.swift; path = MainViewController.swift; sourceTree = "<group>"; };
		08CA25DD2ABF597E006C2443 /* Assets.xcassets */ = {isa = PBXFileReference; lastKnownFileType = folder.assetcatalog; path = Assets.xcassets; sourceTree = "<group>"; };
		08CA25E22ABF597E006C2443 /* Info.plist */ = {isa = PBXFileReference; lastKnownFileType = text.plist.xml; path = Info.plist; sourceTree = "<group>"; };
		08CA26082ABF5A06006C2443 /* LaunchScreen.swift */ = {isa = PBXFileReference; lastKnownFileType = sourcecode.swift; path = LaunchScreen.swift; sourceTree = "<group>"; };
		08CA260A2ABF5A1B006C2443 /* Button.swift */ = {isa = PBXFileReference; lastKnownFileType = sourcecode.swift; path = Button.swift; sourceTree = "<group>"; };
		08CA260C2ABF5A26006C2443 /* Label.swift */ = {isa = PBXFileReference; lastKnownFileType = sourcecode.swift; path = Label.swift; sourceTree = "<group>"; };
		08CA260E2ABF5A3A006C2443 /* ViewTransition.swift */ = {isa = PBXFileReference; lastKnownFileType = sourcecode.swift; path = ViewTransition.swift; sourceTree = "<group>"; };
		08CA26102ABF5A54006C2443 /* LoginViewController.swift */ = {isa = PBXFileReference; lastKnownFileType = sourcecode.swift; path = LoginViewController.swift; sourceTree = "<group>"; };
		08CA261B2ABF5AC2006C2443 /* OnBoardingViewController.swift */ = {isa = PBXFileReference; lastKnownFileType = sourcecode.swift; path = OnBoardingViewController.swift; sourceTree = "<group>"; };
		08CA261D2ABF5AD5006C2443 /* MyPageViewController.swift */ = {isa = PBXFileReference; lastKnownFileType = sourcecode.swift; path = MyPageViewController.swift; sourceTree = "<group>"; };
		08CA261F2ABF5AF3006C2443 /* ReadMessageViewController.swift */ = {isa = PBXFileReference; lastKnownFileType = sourcecode.swift; path = ReadMessageViewController.swift; sourceTree = "<group>"; };
		08CA26212ABF5B02006C2443 /* WriteMessageViewController.swift */ = {isa = PBXFileReference; lastKnownFileType = sourcecode.swift; path = WriteMessageViewController.swift; sourceTree = "<group>"; };
		08CA26232ABF5B23006C2443 /* Sound.swift */ = {isa = PBXFileReference; lastKnownFileType = sourcecode.swift; path = Sound.swift; sourceTree = "<group>"; };
		08CA26252ABF5B2C006C2443 /* Video.swift */ = {isa = PBXFileReference; lastKnownFileType = sourcecode.swift; path = Video.swift; sourceTree = "<group>"; };
		08CA26272ABF5B3B006C2443 /* Font.swift */ = {isa = PBXFileReference; lastKnownFileType = sourcecode.swift; path = Font.swift; sourceTree = "<group>"; };
		08CA26292ABF5B45006C2443 /* Alert.swift */ = {isa = PBXFileReference; lastKnownFileType = sourcecode.swift; path = Alert.swift; sourceTree = "<group>"; };
		08CA262B2ABF5B59006C2443 /* APIManager.swift */ = {isa = PBXFileReference; lastKnownFileType = sourcecode.swift; path = APIManager.swift; sourceTree = "<group>"; };
		08CA262E2ABF5C1B006C2443 /* login.riv */ = {isa = PBXFileReference; lastKnownFileType = file; path = login.riv; sourceTree = "<group>"; };
		08CA26302ABF5C48006C2443 /* mainVideo.mp4 */ = {isa = PBXFileReference; lastKnownFileType = file; path = mainVideo.mp4; sourceTree = "<group>"; };
		08CA26322ABF5DAA006C2443 /* mainMusic.mp3 */ = {isa = PBXFileReference; lastKnownFileType = audio.mp3; path = mainMusic.mp3; sourceTree = "<group>"; };
		08CA26342ABF5DB5006C2443 /* loginMusic.mp3 */ = {isa = PBXFileReference; lastKnownFileType = audio.mp3; path = loginMusic.mp3; sourceTree = "<group>"; };
/* End PBXFileReference section */

/* Begin PBXFrameworksBuildPhase section */
		08CA25CE2ABF597C006C2443 /* Frameworks */ = {
			isa = PBXFrameworksBuildPhase;
			buildActionMask = 2147483647;
			files = (
				08CA26142ABF5A7A006C2443 /* SnapKit in Frameworks */,
				08CA26162ABF5A7A006C2443 /* SnapKit-Dynamic in Frameworks */,
				08CA26192ABF5A91006C2443 /* RiveRuntime in Frameworks */,
			);
			runOnlyForDeploymentPostprocessing = 0;
		};
/* End PBXFrameworksBuildPhase section */

/* Begin PBXGroup section */
		08CA25C82ABF597B006C2443 = {
			isa = PBXGroup;
			children = (
				08CA25D32ABF597C006C2443 /* MuYaHo */,
				08CA25D22ABF597C006C2443 /* Products */,
			);
			sourceTree = "<group>";
		};
		08CA25D22ABF597C006C2443 /* Products */ = {
			isa = PBXGroup;
			children = (
				08CA25D12ABF597C006C2443 /* MuYaHo.app */,
			);
			name = Products;
			sourceTree = "<group>";
		};
		08CA25D32ABF597C006C2443 /* MuYaHo */ = {
			isa = PBXGroup;
			children = (
				08CA26042ABF59CB006C2443 /* Model */,
				08CA26052ABF59D2006C2443 /* View */,
				08CA26062ABF59D8006C2443 /* Controller */,
				08CA26072ABF59E8006C2443 /* Launch */,
				08CA262D2ABF5B6C006C2443 /* AssetsFolder */,
				08CA25E22ABF597E006C2443 /* Info.plist */,
				08CA25DD2ABF597E006C2443 /* Assets.xcassets */,
			);
			path = MuYaHo;
			sourceTree = "<group>";
		};
		08CA26042ABF59CB006C2443 /* Model */ = {
			isa = PBXGroup;
			children = (
				08CA262B2ABF5B59006C2443 /* APIManager.swift */,
			);
			path = Model;
			sourceTree = "<group>";
		};
		08CA26052ABF59D2006C2443 /* View */ = {
			isa = PBXGroup;
			children = (
				08CA260A2ABF5A1B006C2443 /* Button.swift */,
				08CA260C2ABF5A26006C2443 /* Label.swift */,
				08CA26232ABF5B23006C2443 /* Sound.swift */,
				08CA26252ABF5B2C006C2443 /* Video.swift */,
				08CA26272ABF5B3B006C2443 /* Font.swift */,
				08CA26292ABF5B45006C2443 /* Alert.swift */,
				08CA260E2ABF5A3A006C2443 /* ViewTransition.swift */,
			);
			path = View;
			sourceTree = "<group>";
		};
		08CA26062ABF59D8006C2443 /* Controller */ = {
			isa = PBXGroup;
			children = (
				08CA25D82ABF597C006C2443 /* MainViewController.swift */,
				08CA261B2ABF5AC2006C2443 /* OnBoardingViewController.swift */,
				08CA26102ABF5A54006C2443 /* LoginViewController.swift */,
				08CA261D2ABF5AD5006C2443 /* MyPageViewController.swift */,
				08CA261F2ABF5AF3006C2443 /* ReadMessageViewController.swift */,
				08CA26212ABF5B02006C2443 /* WriteMessageViewController.swift */,
			);
			path = Controller;
			sourceTree = "<group>";
		};
		08CA26072ABF59E8006C2443 /* Launch */ = {
			isa = PBXGroup;
			children = (
				08CA25D42ABF597C006C2443 /* AppDelegate.swift */,
				08CA25D62ABF597C006C2443 /* SceneDelegate.swift */,
				08CA26082ABF5A06006C2443 /* LaunchScreen.swift */,
			);
			path = Launch;
			sourceTree = "<group>";
		};
		08CA262D2ABF5B6C006C2443 /* AssetsFolder */ = {
			isa = PBXGroup;
			children = (
				08CA26322ABF5DAA006C2443 /* mainMusic.mp3 */,
				08CA26342ABF5DB5006C2443 /* loginMusic.mp3 */,
				08CA262E2ABF5C1B006C2443 /* login.riv */,
				08CA26302ABF5C48006C2443 /* mainVideo.mp4 */,
			);
			path = AssetsFolder;
			sourceTree = "<group>";
		};
/* End PBXGroup section */

/* Begin PBXNativeTarget section */
		08CA25D02ABF597C006C2443 /* MuYaHo */ = {
			isa = PBXNativeTarget;
			buildConfigurationList = 08CA25FB2ABF597F006C2443 /* Build configuration list for PBXNativeTarget "MuYaHo" */;
			buildPhases = (
				08CA25CD2ABF597C006C2443 /* Sources */,
				08CA25CE2ABF597C006C2443 /* Frameworks */,
				08CA25CF2ABF597C006C2443 /* Resources */,
			);
			buildRules = (
			);
			dependencies = (
			);
			name = MuYaHo;
			packageProductDependencies = (
				08CA26132ABF5A7A006C2443 /* SnapKit */,
				08CA26152ABF5A7A006C2443 /* SnapKit-Dynamic */,
				08CA26182ABF5A91006C2443 /* RiveRuntime */,
			);
			productName = MuYaHo;
			productReference = 08CA25D12ABF597C006C2443 /* MuYaHo.app */;
			productType = "com.apple.product-type.application";
		};
/* End PBXNativeTarget section */

/* Begin PBXProject section */
		08CA25C92ABF597B006C2443 /* Project object */ = {
			isa = PBXProject;
			attributes = {
				BuildIndependentTargetsInParallel = 1;
				LastSwiftUpdateCheck = 1500;
				LastUpgradeCheck = 1500;
				TargetAttributes = {
					08CA25D02ABF597C006C2443 = {
						CreatedOnToolsVersion = 15.0;
					};
				};
			};
			buildConfigurationList = 08CA25CC2ABF597B006C2443 /* Build configuration list for PBXProject "MuYaHo" */;
			compatibilityVersion = "Xcode 14.0";
			developmentRegion = en;
			hasScannedForEncodings = 0;
			knownRegions = (
				en,
				Base,
			);
			mainGroup = 08CA25C82ABF597B006C2443;
			packageReferences = (
				08CA26122ABF5A7A006C2443 /* XCRemoteSwiftPackageReference "SnapKit" */,
				08CA26172ABF5A91006C2443 /* XCRemoteSwiftPackageReference "rive-ios" */,
			);
			productRefGroup = 08CA25D22ABF597C006C2443 /* Products */;
			projectDirPath = "";
			projectRoot = "";
			targets = (
				08CA25D02ABF597C006C2443 /* MuYaHo */,
			);
		};
/* End PBXProject section */

/* Begin PBXResourcesBuildPhase section */
		08CA25CF2ABF597C006C2443 /* Resources */ = {
			isa = PBXResourcesBuildPhase;
			buildActionMask = 2147483647;
			files = (
				08CA26352ABF5DB5006C2443 /* loginMusic.mp3 in Resources */,
				08CA26312ABF5C48006C2443 /* mainVideo.mp4 in Resources */,
				08CA26332ABF5DAA006C2443 /* mainMusic.mp3 in Resources */,
				08CA25DE2ABF597E006C2443 /* Assets.xcassets in Resources */,
				08CA262F2ABF5C1B006C2443 /* login.riv in Resources */,
			);
			runOnlyForDeploymentPostprocessing = 0;
		};
/* End PBXResourcesBuildPhase section */

/* Begin PBXSourcesBuildPhase section */
		08CA25CD2ABF597C006C2443 /* Sources */ = {
			isa = PBXSourcesBuildPhase;
			buildActionMask = 2147483647;
			files = (
				08CA26242ABF5B23006C2443 /* Sound.swift in Sources */,
				08CA26222ABF5B02006C2443 /* WriteMessageViewController.swift in Sources */,
				08CA26282ABF5B3B006C2443 /* Font.swift in Sources */,
				08CA260B2ABF5A1B006C2443 /* Button.swift in Sources */,
				08CA26092ABF5A06006C2443 /* LaunchScreen.swift in Sources */,
				08CA260D2ABF5A26006C2443 /* Label.swift in Sources */,
				08CA26262ABF5B2C006C2443 /* Video.swift in Sources */,
				08CA25D92ABF597C006C2443 /* MainViewController.swift in Sources */,
				08CA26112ABF5A54006C2443 /* LoginViewController.swift in Sources */,
				08CA26202ABF5AF3006C2443 /* ReadMessageViewController.swift in Sources */,
				08CA261E2ABF5AD5006C2443 /* MyPageViewController.swift in Sources */,
				08CA25D52ABF597C006C2443 /* AppDelegate.swift in Sources */,
				08CA262C2ABF5B59006C2443 /* APIManager.swift in Sources */,
				08CA261C2ABF5AC2006C2443 /* OnBoardingViewController.swift in Sources */,
				08CA260F2ABF5A3A006C2443 /* ViewTransition.swift in Sources */,
				08CA262A2ABF5B45006C2443 /* Alert.swift in Sources */,
				08CA25D72ABF597C006C2443 /* SceneDelegate.swift in Sources */,
			);
			runOnlyForDeploymentPostprocessing = 0;
		};
/* End PBXSourcesBuildPhase section */

/* Begin XCBuildConfiguration section */
		08CA25F92ABF597F006C2443 /* Debug */ = {
			isa = XCBuildConfiguration;
			buildSettings = {
				ALWAYS_SEARCH_USER_PATHS = NO;
				ASSETCATALOG_COMPILER_GENERATE_SWIFT_ASSET_SYMBOL_EXTENSIONS = YES;
				CLANG_ANALYZER_NONNULL = YES;
				CLANG_ANALYZER_NUMBER_OBJECT_CONVERSION = YES_AGGRESSIVE;
				CLANG_CXX_LANGUAGE_STANDARD = "gnu++20";
				CLANG_ENABLE_MODULES = YES;
				CLANG_ENABLE_OBJC_ARC = YES;
				CLANG_ENABLE_OBJC_WEAK = YES;
				CLANG_WARN_BLOCK_CAPTURE_AUTORELEASING = YES;
				CLANG_WARN_BOOL_CONVERSION = YES;
				CLANG_WARN_COMMA = YES;
				CLANG_WARN_CONSTANT_CONVERSION = YES;
				CLANG_WARN_DEPRECATED_OBJC_IMPLEMENTATIONS = YES;
				CLANG_WARN_DIRECT_OBJC_ISA_USAGE = YES_ERROR;
				CLANG_WARN_DOCUMENTATION_COMMENTS = YES;
				CLANG_WARN_EMPTY_BODY = YES;
				CLANG_WARN_ENUM_CONVERSION = YES;
				CLANG_WARN_INFINITE_RECURSION = YES;
				CLANG_WARN_INT_CONVERSION = YES;
				CLANG_WARN_NON_LITERAL_NULL_CONVERSION = YES;
				CLANG_WARN_OBJC_IMPLICIT_RETAIN_SELF = YES;
				CLANG_WARN_OBJC_LITERAL_CONVERSION = YES;
				CLANG_WARN_OBJC_ROOT_CLASS = YES_ERROR;
				CLANG_WARN_QUOTED_INCLUDE_IN_FRAMEWORK_HEADER = YES;
				CLANG_WARN_RANGE_LOOP_ANALYSIS = YES;
				CLANG_WARN_STRICT_PROTOTYPES = YES;
				CLANG_WARN_SUSPICIOUS_MOVE = YES;
				CLANG_WARN_UNGUARDED_AVAILABILITY = YES_AGGRESSIVE;
				CLANG_WARN_UNREACHABLE_CODE = YES;
				CLANG_WARN__DUPLICATE_METHOD_MATCH = YES;
				COPY_PHASE_STRIP = NO;
				DEBUG_INFORMATION_FORMAT = dwarf;
				ENABLE_STRICT_OBJC_MSGSEND = YES;
				ENABLE_TESTABILITY = YES;
				ENABLE_USER_SCRIPT_SANDBOXING = YES;
				GCC_C_LANGUAGE_STANDARD = gnu17;
				GCC_DYNAMIC_NO_PIC = NO;
				GCC_NO_COMMON_BLOCKS = YES;
				GCC_OPTIMIZATION_LEVEL = 0;
				GCC_PREPROCESSOR_DEFINITIONS = (
					"DEBUG=1",
					"$(inherited)",
				);
				GCC_WARN_64_TO_32_BIT_CONVERSION = YES;
				GCC_WARN_ABOUT_RETURN_TYPE = YES_ERROR;
				GCC_WARN_UNDECLARED_SELECTOR = YES;
				GCC_WARN_UNINITIALIZED_AUTOS = YES_AGGRESSIVE;
				GCC_WARN_UNUSED_FUNCTION = YES;
				GCC_WARN_UNUSED_VARIABLE = YES;
				IPHONEOS_DEPLOYMENT_TARGET = 17.0;
				LOCALIZATION_PREFERS_STRING_CATALOGS = YES;
				MTL_ENABLE_DEBUG_INFO = INCLUDE_SOURCE;
				MTL_FAST_MATH = YES;
				ONLY_ACTIVE_ARCH = YES;
				SDKROOT = iphoneos;
				SWIFT_ACTIVE_COMPILATION_CONDITIONS = "DEBUG $(inherited)";
				SWIFT_OPTIMIZATION_LEVEL = "-Onone";
			};
			name = Debug;
		};
		08CA25FA2ABF597F006C2443 /* Release */ = {
			isa = XCBuildConfiguration;
			buildSettings = {
				ALWAYS_SEARCH_USER_PATHS = NO;
				ASSETCATALOG_COMPILER_GENERATE_SWIFT_ASSET_SYMBOL_EXTENSIONS = YES;
				CLANG_ANALYZER_NONNULL = YES;
				CLANG_ANALYZER_NUMBER_OBJECT_CONVERSION = YES_AGGRESSIVE;
				CLANG_CXX_LANGUAGE_STANDARD = "gnu++20";
				CLANG_ENABLE_MODULES = YES;
				CLANG_ENABLE_OBJC_ARC = YES;
				CLANG_ENABLE_OBJC_WEAK = YES;
				CLANG_WARN_BLOCK_CAPTURE_AUTORELEASING = YES;
				CLANG_WARN_BOOL_CONVERSION = YES;
				CLANG_WARN_COMMA = YES;
				CLANG_WARN_CONSTANT_CONVERSION = YES;
				CLANG_WARN_DEPRECATED_OBJC_IMPLEMENTATIONS = YES;
				CLANG_WARN_DIRECT_OBJC_ISA_USAGE = YES_ERROR;
				CLANG_WARN_DOCUMENTATION_COMMENTS = YES;
				CLANG_WARN_EMPTY_BODY = YES;
				CLANG_WARN_ENUM_CONVERSION = YES;
				CLANG_WARN_INFINITE_RECURSION = YES;
				CLANG_WARN_INT_CONVERSION = YES;
				CLANG_WARN_NON_LITERAL_NULL_CONVERSION = YES;
				CLANG_WARN_OBJC_IMPLICIT_RETAIN_SELF = YES;
				CLANG_WARN_OBJC_LITERAL_CONVERSION = YES;
				CLANG_WARN_OBJC_ROOT_CLASS = YES_ERROR;
				CLANG_WARN_QUOTED_INCLUDE_IN_FRAMEWORK_HEADER = YES;
				CLANG_WARN_RANGE_LOOP_ANALYSIS = YES;
				CLANG_WARN_STRICT_PROTOTYPES = YES;
				CLANG_WARN_SUSPICIOUS_MOVE = YES;
				CLANG_WARN_UNGUARDED_AVAILABILITY = YES_AGGRESSIVE;
				CLANG_WARN_UNREACHABLE_CODE = YES;
				CLANG_WARN__DUPLICATE_METHOD_MATCH = YES;
				COPY_PHASE_STRIP = NO;
				DEBUG_INFORMATION_FORMAT = "dwarf-with-dsym";
				ENABLE_NS_ASSERTIONS = NO;
				ENABLE_STRICT_OBJC_MSGSEND = YES;
				ENABLE_USER_SCRIPT_SANDBOXING = YES;
				GCC_C_LANGUAGE_STANDARD = gnu17;
				GCC_NO_COMMON_BLOCKS = YES;
				GCC_WARN_64_TO_32_BIT_CONVERSION = YES;
				GCC_WARN_ABOUT_RETURN_TYPE = YES_ERROR;
				GCC_WARN_UNDECLARED_SELECTOR = YES;
				GCC_WARN_UNINITIALIZED_AUTOS = YES_AGGRESSIVE;
				GCC_WARN_UNUSED_FUNCTION = YES;
				GCC_WARN_UNUSED_VARIABLE = YES;
				IPHONEOS_DEPLOYMENT_TARGET = 17.0;
				LOCALIZATION_PREFERS_STRING_CATALOGS = YES;
				MTL_ENABLE_DEBUG_INFO = NO;
				MTL_FAST_MATH = YES;
				SDKROOT = iphoneos;
				SWIFT_COMPILATION_MODE = wholemodule;
				VALIDATE_PRODUCT = YES;
			};
			name = Release;
		};
		08CA25FC2ABF597F006C2443 /* Debug */ = {
			isa = XCBuildConfiguration;
			buildSettings = {
				ASSETCATALOG_COMPILER_APPICON_NAME = AppIcon;
				ASSETCATALOG_COMPILER_GLOBAL_ACCENT_COLOR_NAME = AccentColor;
				CODE_SIGN_STYLE = Automatic;
				CURRENT_PROJECT_VERSION = 1;
				DEVELOPMENT_TEAM = VGM28F2FH7;
				GENERATE_INFOPLIST_FILE = YES;
				INFOPLIST_FILE = MuYaHo/Info.plist;
				INFOPLIST_KEY_UIApplicationSupportsIndirectInputEvents = YES;
				INFOPLIST_KEY_UILaunchStoryboardName = LaunchScreen;
				INFOPLIST_KEY_UIMainStoryboardFile = Main;
				INFOPLIST_KEY_UISupportedInterfaceOrientations_iPad = "UIInterfaceOrientationPortrait UIInterfaceOrientationPortraitUpsideDown UIInterfaceOrientationLandscapeLeft UIInterfaceOrientationLandscapeRight";
				INFOPLIST_KEY_UISupportedInterfaceOrientations_iPhone = "UIInterfaceOrientationPortrait UIInterfaceOrientationLandscapeLeft UIInterfaceOrientationLandscapeRight";
				LD_RUNPATH_SEARCH_PATHS = (
					"$(inherited)",
					"@executable_path/Frameworks",
				);
				MARKETING_VERSION = 1.0;
				PRODUCT_BUNDLE_IDENTIFIER = teamCommit.MuYaHo;
				PRODUCT_NAME = "$(TARGET_NAME)";
				SWIFT_EMIT_LOC_STRINGS = YES;
				SWIFT_VERSION = 5.0;
				TARGETED_DEVICE_FAMILY = "1,2";
			};
			name = Debug;
		};
		08CA25FD2ABF597F006C2443 /* Release */ = {
			isa = XCBuildConfiguration;
			buildSettings = {
				ASSETCATALOG_COMPILER_APPICON_NAME = AppIcon;
				ASSETCATALOG_COMPILER_GLOBAL_ACCENT_COLOR_NAME = AccentColor;
				CODE_SIGN_STYLE = Automatic;
				CURRENT_PROJECT_VERSION = 1;
				DEVELOPMENT_TEAM = VGM28F2FH7;
				GENERATE_INFOPLIST_FILE = YES;
				INFOPLIST_FILE = MuYaHo/Info.plist;
				INFOPLIST_KEY_UIApplicationSupportsIndirectInputEvents = YES;
				INFOPLIST_KEY_UILaunchStoryboardName = LaunchScreen;
				INFOPLIST_KEY_UIMainStoryboardFile = Main;
				INFOPLIST_KEY_UISupportedInterfaceOrientations_iPad = "UIInterfaceOrientationPortrait UIInterfaceOrientationPortraitUpsideDown UIInterfaceOrientationLandscapeLeft UIInterfaceOrientationLandscapeRight";
				INFOPLIST_KEY_UISupportedInterfaceOrientations_iPhone = "UIInterfaceOrientationPortrait UIInterfaceOrientationLandscapeLeft UIInterfaceOrientationLandscapeRight";
				LD_RUNPATH_SEARCH_PATHS = (
					"$(inherited)",
					"@executable_path/Frameworks",
				);
				MARKETING_VERSION = 1.0;
				PRODUCT_BUNDLE_IDENTIFIER = teamCommit.MuYaHo;
				PRODUCT_NAME = "$(TARGET_NAME)";
				SWIFT_EMIT_LOC_STRINGS = YES;
				SWIFT_VERSION = 5.0;
				TARGETED_DEVICE_FAMILY = "1,2";
			};
			name = Release;
		};
/* End XCBuildConfiguration section */

/* Begin XCConfigurationList section */
		08CA25CC2ABF597B006C2443 /* Build configuration list for PBXProject "MuYaHo" */ = {
			isa = XCConfigurationList;
			buildConfigurations = (
				08CA25F92ABF597F006C2443 /* Debug */,
				08CA25FA2ABF597F006C2443 /* Release */,
			);
			defaultConfigurationIsVisible = 0;
			defaultConfigurationName = Release;
		};
		08CA25FB2ABF597F006C2443 /* Build configuration list for PBXNativeTarget "MuYaHo" */ = {
			isa = XCConfigurationList;
			buildConfigurations = (
				08CA25FC2ABF597F006C2443 /* Debug */,
				08CA25FD2ABF597F006C2443 /* Release */,
			);
			defaultConfigurationIsVisible = 0;
			defaultConfigurationName = Release;
		};
/* End XCConfigurationList section */

/* Begin XCRemoteSwiftPackageReference section */
		08CA26122ABF5A7A006C2443 /* XCRemoteSwiftPackageReference "SnapKit" */ = {
			isa = XCRemoteSwiftPackageReference;
			repositoryURL = "https://github.com/SnapKit/SnapKit.git";
			requirement = {
				kind = upToNextMajorVersion;
				minimumVersion = 5.5.0;
			};
		};
		08CA26172ABF5A91006C2443 /* XCRemoteSwiftPackageReference "rive-ios" */ = {
			isa = XCRemoteSwiftPackageReference;
			repositoryURL = "https://github.com/rive-app/rive-ios.git";
			requirement = {
				kind = upToNextMajorVersion;
				minimumVersion = 5.3.1;
			};
		};
/* End XCRemoteSwiftPackageReference section */

/* Begin XCSwiftPackageProductDependency section */
		08CA26132ABF5A7A006C2443 /* SnapKit */ = {
			isa = XCSwiftPackageProductDependency;
			package = 08CA26122ABF5A7A006C2443 /* XCRemoteSwiftPackageReference "SnapKit" */;
			productName = SnapKit;
		};
		08CA26152ABF5A7A006C2443 /* SnapKit-Dynamic */ = {
			isa = XCSwiftPackageProductDependency;
			package = 08CA26122ABF5A7A006C2443 /* XCRemoteSwiftPackageReference "SnapKit" */;
			productName = "SnapKit-Dynamic";
		};
		08CA26182ABF5A91006C2443 /* RiveRuntime */ = {
			isa = XCSwiftPackageProductDependency;
			package = 08CA26172ABF5A91006C2443 /* XCRemoteSwiftPackageReference "rive-ios" */;
			productName = RiveRuntime;
		};
/* End XCSwiftPackageProductDependency section */
	};
	rootObject = 08CA25C92ABF597B006C2443 /* Project object */;
}
